
Microsoft Visual Studio Solution File, Format Version 12.00
# Visual Studio Version 17
VisualStudioVersion = 17.1.32328.378
MinimumVisualStudioVersion = 10.0.40219.1
Project("{FAE04EC0-301F-11D3-BF4B-00C04F79EFBC}") = "modul7_1302204034", "modul7_1302204034\modul7_1302204034.csproj", "{1D283F2C-8EB4-4303-BADA-DFB0C28604A8}"
EndProject
Global
	GlobalSection(SolutionConfigurationPlatforms) = preSolution
		Debug|Any CPU = Debug|Any CPU
		Release|Any CPU = Release|Any CPU
	EndGlobalSection
	GlobalSection(ProjectConfigurationPlatforms) = postSolution
		{1D283F2C-8EB4-4303-BADA-DFB0C28604A8}.Debug|Any CPU.ActiveCfg = Debug|Any CPU
		{1D283F2C-8EB4-4303-BADA-DFB0C28604A8}.Debug|Any CPU.Build.0 = Debug|Any CPU
		{1D283F2C-8EB4-4303-BADA-DFB0C28604A8}.Release|Any CPU.ActiveCfg = Release|Any CPU
		{1D283F2C-8EB4-4303-BADA-DFB0C28604A8}.Release|Any CPU.Build.0 = Release|Any CPU
	EndGlobalSection
	GlobalSection(SolutionProperties) = preSolution
		HideSolutionNode = FALSE
	EndGlobalSection
	GlobalSection(ExtensibilityGlobals) = postSolution
		SolutionGuid = {12E84E83-6F21-4B13-B9C8-A4478B4051FA}
	EndGlobalSection
EndGlobal
